{
  "originHash" : "8b6575fbd8f68a01747b1697f4aba66d8260b8f2d7e0df01b8427690e3f2a4a7",
  "pins" : [
    {
      "identity" : "fradioplayer",
      "kind" : "remoteSourceControl",
      "location" : "https://github.com/fethica/FRadioPlayer.git",
      "state" : {
        "branch" : "v0.2.0",
        "revision" : "c3f472ed8cb59b442312362bca363863962c88b3"
      }
    },
    {
      "identity" : "kingfisher",
      "kind" : "remoteSourceControl",
      "location" : "https://github.com/onevcat/Kingfisher.git",
      "state" : {
        "revision" : "e6749919f9761d573d37a7d7e78b1b854c191d7f",
        "version" : "8.1.3"
      }
    },
    {
      "identity" : "nvactivityindicatorview",
      "kind" : "remoteSourceControl",
      "location" : "https://github.com/ninjaprox/NVActivityIndicatorView.git",
      "state" : {
        "revision" : "bcb52371f2259254bac6690f92bb474a61768c47",
        "version" : "5.1.1"
      }
    },
    {
      "identity" : "spring",
      "kind" : "remoteSourceControl",
      "location" : "https://github.com/fethica/Spring.git",
      "state" : {
        "branch" : "master",
        "revision" : "63d6b2b4339606181617caddea3a988aa65bcadd"
      }
    },
    {
      "identity" : "swift-eventsource",
      "kind" : "remoteSourceControl",
      "location" : "https://github.com/launchdarkly/swift-eventsource",
      "state" : {
        "revision" : "57051701c58a93603ffa2051f8e9cf0c8cff7814",
        "version" : "3.3.0"
      }
    }
  ],
  "version" : 3
}
